
Microsoft Visual Studio Solution File, Format Version 12.00
# Visual Studio Version 17
VisualStudioVersion = 17.5.002.0
MinimumVisualStudioVersion = 10.0.40219.1
Project("{2150E333-8FDC-42A3-9474-1A3956D46DE8}") = "sandbox", "sandbox", "{0E3D20B9-19CC-4CC7-8C17-E9969443E3AF}"
EndProject
Project("{9A19103F-16F7-4668-BE54-9A1E7A4F7556}") = "sandbox_project", "sandbox\sandbox_project\sandbox_project.csproj", "{935ECEDB-9341-4F8F-A83D-4091DA288CB6}"
EndProject
Project("{2150E333-8FDC-42A3-9474-1A3956D46DE8}") = "week01", "week01", "{64598C50-252D-4A7B-A741-2C213F109453}"
EndProject
Project("{9A19103F-16F7-4668-BE54-9A1E7A4F7556}") = "analyze", "week01\analyze\analyze.csproj", "{37365577-9502-457F-9151-1ABDCBE984DC}"
EndProject
Project("{9A19103F-16F7-4668-BE54-9A1E7A4F7556}") = "code", "week01\code\code.csproj", "{AE147D32-E4FE-4B5C-A0EA-C8ECD487E345}"
EndProject
Project("{9A19103F-16F7-4668-BE54-9A1E7A4F7556}") = "teach", "week01\teach\teach.csproj", "{EE742AF4-29CC-48BC-886C-11826B98C8F7}"
EndProject
Project("{2150E333-8FDC-42A3-9474-1A3956D46DE8}") = "week02", "week02", "{DEDDEC24-74F9-423E-8C5D-3C9ABCB931DF}"
EndProject
Project("{9A19103F-16F7-4668-BE54-9A1E7A4F7556}") = "analyze", "week02\analyze\analyze.csproj", "{29C6D6A5-5A7C-48DC-AFF7-961FD329CE2D}"
EndProject
Project("{9A19103F-16F7-4668-BE54-9A1E7A4F7556}") = "code", "week02\code\code.csproj", "{46E4D8C4-5E56-4785-BE1F-8749EEE83F35}"
EndProject
Project("{9A19103F-16F7-4668-BE54-9A1E7A4F7556}") = "learn", "week02\learn\learn.csproj", "{54D9A786-85AC-4FB3-9151-F4F39119BAE2}"
EndProject
Project("{9A19103F-16F7-4668-BE54-9A1E7A4F7556}") = "teach", "week02\teach\teach.csproj", "{297BC510-AF27-4F48-ABFB-ADBF363D010D}"
EndProject
Project("{2150E333-8FDC-42A3-9474-1A3956D46DE8}") = "week03", "week03", "{07E4A2FB-DE4F-4227-8691-857B7C92B89E}"
EndProject
Project("{9A19103F-16F7-4668-BE54-9A1E7A4F7556}") = "code", "week03\code\code.csproj", "{4C48DB8B-B9B5-4B6B-93ED-8E8845D8335B}"
EndProject
Project("{9A19103F-16F7-4668-BE54-9A1E7A4F7556}") = "learn", "week03\learn\learn.csproj", "{10397D97-82F4-4D6F-82B3-C99DFBE3251A}"
EndProject
Project("{9A19103F-16F7-4668-BE54-9A1E7A4F7556}") = "teach", "week03\teach\teach.csproj", "{33937302-EF0A-48FE-9062-79FA43CA96A2}"
EndProject
Project("{2150E333-8FDC-42A3-9474-1A3956D46DE8}") = "week04", "week04", "{40D29314-51E9-4653-B5F0-9048268387F7}"
EndProject
Project("{9A19103F-16F7-4668-BE54-9A1E7A4F7556}") = "code", "week04\code\code.csproj", "{89830B0B-E6EA-48A7-B6FF-6DEA65D63A67}"
EndProject
Project("{2150E333-8FDC-42A3-9474-1A3956D46DE8}") = "week05", "week05", "{A6A1868C-FD34-4B4E-A87F-6125CE190316}"
EndProject
Project("{9A19103F-16F7-4668-BE54-9A1E7A4F7556}") = "code", "week05\code\code.csproj", "{51B0DA40-E41F-427B-9591-A3B60D6CE213}"
EndProject
Project("{2150E333-8FDC-42A3-9474-1A3956D46DE8}") = "week06", "week06", "{14D702C3-A807-4068-B918-B17FD94C67E8}"
EndProject
Project("{9A19103F-16F7-4668-BE54-9A1E7A4F7556}") = "code", "week06\code\code.csproj", "{2830BD9E-4FB2-4820-80D1-BD79FF626399}"
EndProject
Global
	GlobalSection(SolutionConfigurationPlatforms) = preSolution
		Debug|Any CPU = Debug|Any CPU
		Release|Any CPU = Release|Any CPU
	EndGlobalSection
	GlobalSection(ProjectConfigurationPlatforms) = postSolution
		{935ECEDB-9341-4F8F-A83D-4091DA288CB6}.Debug|Any CPU.ActiveCfg = Debug|Any CPU
		{935ECEDB-9341-4F8F-A83D-4091DA288CB6}.Debug|Any CPU.Build.0 = Debug|Any CPU
		{935ECEDB-9341-4F8F-A83D-4091DA288CB6}.Release|Any CPU.ActiveCfg = Release|Any CPU
		{935ECEDB-9341-4F8F-A83D-4091DA288CB6}.Release|Any CPU.Build.0 = Release|Any CPU
		{37365577-9502-457F-9151-1ABDCBE984DC}.Debug|Any CPU.ActiveCfg = Debug|Any CPU
		{37365577-9502-457F-9151-1ABDCBE984DC}.Debug|Any CPU.Build.0 = Debug|Any CPU
		{37365577-9502-457F-9151-1ABDCBE984DC}.Release|Any CPU.ActiveCfg = Release|Any CPU
		{37365577-9502-457F-9151-1ABDCBE984DC}.Release|Any CPU.Build.0 = Release|Any CPU
		{AE147D32-E4FE-4B5C-A0EA-C8ECD487E345}.Debug|Any CPU.ActiveCfg = Debug|Any CPU
		{AE147D32-E4FE-4B5C-A0EA-C8ECD487E345}.Debug|Any CPU.Build.0 = Debug|Any CPU
		{AE147D32-E4FE-4B5C-A0EA-C8ECD487E345}.Release|Any CPU.ActiveCfg = Release|Any CPU
		{AE147D32-E4FE-4B5C-A0EA-C8ECD487E345}.Release|Any CPU.Build.0 = Release|Any CPU
		{EE742AF4-29CC-48BC-886C-11826B98C8F7}.Debug|Any CPU.ActiveCfg = Debug|Any CPU
		{EE742AF4-29CC-48BC-886C-11826B98C8F7}.Debug|Any CPU.Build.0 = Debug|Any CPU
		{EE742AF4-29CC-48BC-886C-11826B98C8F7}.Release|Any CPU.ActiveCfg = Release|Any CPU
		{EE742AF4-29CC-48BC-886C-11826B98C8F7}.Release|Any CPU.Build.0 = Release|Any CPU
		{29C6D6A5-5A7C-48DC-AFF7-961FD329CE2D}.Debug|Any CPU.ActiveCfg = Debug|Any CPU
		{29C6D6A5-5A7C-48DC-AFF7-961FD329CE2D}.Debug|Any CPU.Build.0 = Debug|Any CPU
		{29C6D6A5-5A7C-48DC-AFF7-961FD329CE2D}.Release|Any CPU.ActiveCfg = Release|Any CPU
		{29C6D6A5-5A7C-48DC-AFF7-961FD329CE2D}.Release|Any CPU.Build.0 = Release|Any CPU
		{46E4D8C4-5E56-4785-BE1F-8749EEE83F35}.Debug|Any CPU.ActiveCfg = Debug|Any CPU
		{46E4D8C4-5E56-4785-BE1F-8749EEE83F35}.Debug|Any CPU.Build.0 = Debug|Any CPU
		{46E4D8C4-5E56-4785-BE1F-8749EEE83F35}.Release|Any CPU.ActiveCfg = Release|Any CPU
		{46E4D8C4-5E56-4785-BE1F-8749EEE83F35}.Release|Any CPU.Build.0 = Release|Any CPU
		{54D9A786-85AC-4FB3-9151-F4F39119BAE2}.Debug|Any CPU.ActiveCfg = Debug|Any CPU
		{54D9A786-85AC-4FB3-9151-F4F39119BAE2}.Debug|Any CPU.Build.0 = Debug|Any CPU
		{54D9A786-85AC-4FB3-9151-F4F39119BAE2}.Release|Any CPU.ActiveCfg = Release|Any CPU
		{54D9A786-85AC-4FB3-9151-F4F39119BAE2}.Release|Any CPU.Build.0 = Release|Any CPU
		{297BC510-AF27-4F48-ABFB-ADBF363D010D}.Debug|Any CPU.ActiveCfg = Debug|Any CPU
		{297BC510-AF27-4F48-ABFB-ADBF363D010D}.Debug|Any CPU.Build.0 = Debug|Any CPU
		{297BC510-AF27-4F48-ABFB-ADBF363D010D}.Release|Any CPU.ActiveCfg = Release|Any CPU
		{297BC510-AF27-4F48-ABFB-ADBF363D010D}.Release|Any CPU.Build.0 = Release|Any CPU
		{4C48DB8B-B9B5-4B6B-93ED-8E8845D8335B}.Debug|Any CPU.ActiveCfg = Debug|Any CPU
		{4C48DB8B-B9B5-4B6B-93ED-8E8845D8335B}.Debug|Any CPU.Build.0 = Debug|Any CPU
		{4C48DB8B-B9B5-4B6B-93ED-8E8845D8335B}.Release|Any CPU.ActiveCfg = Release|Any CPU
		{4C48DB8B-B9B5-4B6B-93ED-8E8845D8335B}.Release|Any CPU.Build.0 = Release|Any CPU
		{10397D97-82F4-4D6F-82B3-C99DFBE3251A}.Debug|Any CPU.ActiveCfg = Debug|Any CPU
		{10397D97-82F4-4D6F-82B3-C99DFBE3251A}.Debug|Any CPU.Build.0 = Debug|Any CPU
		{10397D97-82F4-4D6F-82B3-C99DFBE3251A}.Release|Any CPU.ActiveCfg = Release|Any CPU
		{10397D97-82F4-4D6F-82B3-C99DFBE3251A}.Release|Any CPU.Build.0 = Release|Any CPU
		{33937302-EF0A-48FE-9062-79FA43CA96A2}.Debug|Any CPU.ActiveCfg = Debug|Any CPU
		{33937302-EF0A-48FE-9062-79FA43CA96A2}.Debug|Any CPU.Build.0 = Debug|Any CPU
		{33937302-EF0A-48FE-9062-79FA43CA96A2}.Release|Any CPU.ActiveCfg = Release|Any CPU
		{33937302-EF0A-48FE-9062-79FA43CA96A2}.Release|Any CPU.Build.0 = Release|Any CPU
		{89830B0B-E6EA-48A7-B6FF-6DEA65D63A67}.Debug|Any CPU.ActiveCfg = Debug|Any CPU
		{89830B0B-E6EA-48A7-B6FF-6DEA65D63A67}.Debug|Any CPU.Build.0 = Debug|Any CPU
		{89830B0B-E6EA-48A7-B6FF-6DEA65D63A67}.Release|Any CPU.ActiveCfg = Release|Any CPU
		{89830B0B-E6EA-48A7-B6FF-6DEA65D63A67}.Release|Any CPU.Build.0 = Release|Any CPU
		{51B0DA40-E41F-427B-9591-A3B60D6CE213}.Debug|Any CPU.ActiveCfg = Debug|Any CPU
		{51B0DA40-E41F-427B-9591-A3B60D6CE213}.Debug|Any CPU.Build.0 = Debug|Any CPU
		{51B0DA40-E41F-427B-9591-A3B60D6CE213}.Release|Any CPU.ActiveCfg = Release|Any CPU
		{51B0DA40-E41F-427B-9591-A3B60D6CE213}.Release|Any CPU.Build.0 = Release|Any CPU
		{2830BD9E-4FB2-4820-80D1-BD79FF626399}.Debug|Any CPU.ActiveCfg = Debug|Any CPU
		{2830BD9E-4FB2-4820-80D1-BD79FF626399}.Debug|Any CPU.Build.0 = Debug|Any CPU
		{2830BD9E-4FB2-4820-80D1-BD79FF626399}.Release|Any CPU.ActiveCfg = Release|Any CPU
		{2830BD9E-4FB2-4820-80D1-BD79FF626399}.Release|Any CPU.Build.0 = Release|Any CPU
	EndGlobalSection
	GlobalSection(SolutionProperties) = preSolution
		HideSolutionNode = FALSE
	EndGlobalSection
	GlobalSection(NestedProjects) = preSolution
		{935ECEDB-9341-4F8F-A83D-4091DA288CB6} = {0E3D20B9-19CC-4CC7-8C17-E9969443E3AF}
		{37365577-9502-457F-9151-1ABDCBE984DC} = {64598C50-252D-4A7B-A741-2C213F109453}
		{AE147D32-E4FE-4B5C-A0EA-C8ECD487E345} = {64598C50-252D-4A7B-A741-2C213F109453}
		{EE742AF4-29CC-48BC-886C-11826B98C8F7} = {64598C50-252D-4A7B-A741-2C213F109453}
		{29C6D6A5-5A7C-48DC-AFF7-961FD329CE2D} = {DEDDEC24-74F9-423E-8C5D-3C9ABCB931DF}
		{46E4D8C4-5E56-4785-BE1F-8749EEE83F35} = {DEDDEC24-74F9-423E-8C5D-3C9ABCB931DF}
		{54D9A786-85AC-4FB3-9151-F4F39119BAE2} = {DEDDEC24-74F9-423E-8C5D-3C9ABCB931DF}
		{297BC510-AF27-4F48-ABFB-ADBF363D010D} = {DEDDEC24-74F9-423E-8C5D-3C9ABCB931DF}
		{4C48DB8B-B9B5-4B6B-93ED-8E8845D8335B} = {07E4A2FB-DE4F-4227-8691-857B7C92B89E}
		{10397D97-82F4-4D6F-82B3-C99DFBE3251A} = {07E4A2FB-DE4F-4227-8691-857B7C92B89E}
		{33937302-EF0A-48FE-9062-79FA43CA96A2} = {07E4A2FB-DE4F-4227-8691-857B7C92B89E}
		{89830B0B-E6EA-48A7-B6FF-6DEA65D63A67} = {40D29314-51E9-4653-B5F0-9048268387F7}
		{51B0DA40-E41F-427B-9591-A3B60D6CE213} = {A6A1868C-FD34-4B4E-A87F-6125CE190316}
		{2830BD9E-4FB2-4820-80D1-BD79FF626399} = {14D702C3-A807-4068-B918-B17FD94C67E8}
	EndGlobalSection
	GlobalSection(ExtensibilityGlobals) = postSolution
		SolutionGuid = {D3215102-13ED-4814-8EF6-1EA1487D5F9D}
	EndGlobalSection
EndGlobal
